
Microsoft Visual Studio Solution File, Format Version 12.00
# Visual Studio Version 17
VisualStudioVersion = 17.5.33516.290
MinimumVisualStudioVersion = 10.0.40219.1
Project("{9A19103F-16F7-4668-BE54-9A1E7A4F7556}") = "AOC2023", "AOC2023.csproj", "{DC9F9461-781F-4DC9-BA53-CD8F189F63AE}"
EndProject
Project("{9A19103F-16F7-4668-BE54-9A1E7A4F7556}") = "AOCTests", "..\TestProject1\AOCTests.csproj", "{CB12CCB1-7705-49D2-9D44-BFC2CE646B67}"
EndProject
Global
	GlobalSection(SolutionConfigurationPlatforms) = preSolution
		Debug|Any CPU = Debug|Any CPU
		Release|Any CPU = Release|Any CPU
	EndGlobalSection
	GlobalSection(ProjectConfigurationPlatforms) = postSolution
		{DC9F9461-781F-4DC9-BA53-CD8F189F63AE}.Debug|Any CPU.ActiveCfg = Debug|Any CPU
		{DC9F9461-781F-4DC9-BA53-CD8F189F63AE}.Debug|Any CPU.Build.0 = Debug|Any CPU
		{DC9F9461-781F-4DC9-BA53-CD8F189F63AE}.Release|Any CPU.ActiveCfg = Release|Any CPU
		{DC9F9461-781F-4DC9-BA53-CD8F189F63AE}.Release|Any CPU.Build.0 = Release|Any CPU
		{CB12CCB1-7705-49D2-9D44-BFC2CE646B67}.Debug|Any CPU.ActiveCfg = Debug|Any CPU
		{CB12CCB1-7705-49D2-9D44-BFC2CE646B67}.Debug|Any CPU.Build.0 = Debug|Any CPU
		{CB12CCB1-7705-49D2-9D44-BFC2CE646B67}.Release|Any CPU.ActiveCfg = Release|Any CPU
		{CB12CCB1-7705-49D2-9D44-BFC2CE646B67}.Release|Any CPU.Build.0 = Release|Any CPU
	EndGlobalSection
	GlobalSection(SolutionProperties) = preSolution
		HideSolutionNode = FALSE
	EndGlobalSection
	GlobalSection(ExtensibilityGlobals) = postSolution
		SolutionGuid = {D88BFFF3-0187-44FD-A9FA-909C3B100CC3}
	EndGlobalSection
EndGlobal
